// !$*UTF8*$!
{
	archiveVersion = 1;
	classes = {
	};
	objectVersion = 56;
	objects = {

/* Begin PBXBuildFile section */
		CE0617102AE5651E004F973F /* CoreDataError.swift in Sources */ = {isa = PBXBuildFile; fileRef = CE06170F2AE5651E004F973F /* CoreDataError.swift */; };
		CE0617122AE56829004F973F /* NetworkError.swift in Sources */ = {isa = PBXBuildFile; fileRef = CE0617112AE56829004F973F /* NetworkError.swift */; };
		CE0617182AEA83B2004F973F /* AlertUtility.swift in Sources */ = {isa = PBXBuildFile; fileRef = CE0617172AEA83B2004F973F /* AlertUtility.swift */; };
		CE07BDB62A1AB25C00A66347 /* CustomTabBarItem.swift in Sources */ = {isa = PBXBuildFile; fileRef = CE07BDB52A1AB25C00A66347 /* CustomTabBarItem.swift */; };
		CE07BDB82A1AB4F800A66347 /* CustomTabBarController.swift in Sources */ = {isa = PBXBuildFile; fileRef = CE07BDB72A1AB4F800A66347 /* CustomTabBarController.swift */; };
		CE0849292B1CDB7500CC15B4 /* RecipesViewHeader.swift in Sources */ = {isa = PBXBuildFile; fileRef = CE0849282B1CDB7500CC15B4 /* RecipesViewHeader.swift */; };
		CE0C039E2AE2C54500B22112 /* FavoriteRecipesPresenter.swift in Sources */ = {isa = PBXBuildFile; fileRef = CE0C039D2AE2C54500B22112 /* FavoriteRecipesPresenter.swift */; };
		CE0C03A02AE2C6EE00B22112 /* FavoriteRecipesSection.swift in Sources */ = {isa = PBXBuildFile; fileRef = CE0C039F2AE2C6EE00B22112 /* FavoriteRecipesSection.swift */; };
		CE0D30842AD41B0A00221D79 /* SearchPresenter.swift in Sources */ = {isa = PBXBuildFile; fileRef = CE0D30832AD41B0A00221D79 /* SearchPresenter.swift */; };
		CE0D30862AD41C6200221D79 /* FilterPresenter.swift in Sources */ = {isa = PBXBuildFile; fileRef = CE0D30852AD41C6200221D79 /* FilterPresenter.swift */; };
		CE0D30882AD41CB900221D79 /* RecipesPresenter.swift in Sources */ = {isa = PBXBuildFile; fileRef = CE0D30872AD41CB900221D79 /* RecipesPresenter.swift */; };
		CE0D30932AD9994700221D79 /* ImageLoader.swift in Sources */ = {isa = PBXBuildFile; fileRef = CE0D30922AD9994700221D79 /* ImageLoader.swift */; };
		CE1026C729FC4976000B9CCA /* AppDelegate.swift in Sources */ = {isa = PBXBuildFile; fileRef = CE1026C629FC4976000B9CCA /* AppDelegate.swift */; };
		CE1026C929FC4976000B9CCA /* SceneDelegate.swift in Sources */ = {isa = PBXBuildFile; fileRef = CE1026C829FC4976000B9CCA /* SceneDelegate.swift */; };
		CE1026D029FC4978000B9CCA /* Assets.xcassets in Resources */ = {isa = PBXBuildFile; fileRef = CE1026CF29FC4978000B9CCA /* Assets.xcassets */; };
		CE1026D329FC4978000B9CCA /* LaunchScreen.storyboard in Resources */ = {isa = PBXBuildFile; fileRef = CE1026D129FC4978000B9CCA /* LaunchScreen.storyboard */; };
		CE2753AB2AB4800300138164 /* Category.swift in Sources */ = {isa = PBXBuildFile; fileRef = CE2753AA2AB4800300138164 /* Category.swift */; };
		CE2753AD2AB48A8E00138164 /* CategoryManager.swift in Sources */ = {isa = PBXBuildFile; fileRef = CE2753AC2AB48A8E00138164 /* CategoryManager.swift */; };
		CE2753B82AB4A48000138164 /* FilterControllerView.swift in Sources */ = {isa = PBXBuildFile; fileRef = CE2753B72AB4A48000138164 /* FilterControllerView.swift */; };
		CE2753BA2AB4A62E00138164 /* CategoryCollectionCell.swift in Sources */ = {isa = PBXBuildFile; fileRef = CE2753B92AB4A62E00138164 /* CategoryCollectionCell.swift */; };
		CE2753BE2AB4AD2100138164 /* BackgroundView.swift in Sources */ = {isa = PBXBuildFile; fileRef = CE2753BD2AB4AD2100138164 /* BackgroundView.swift */; };
		CE2753C02AB4AD4200138164 /* LineView.swift in Sources */ = {isa = PBXBuildFile; fileRef = CE2753BF2AB4AD4200138164 /* LineView.swift */; };
		CE2753C22AB70FD600138164 /* RecipesViewController.swift in Sources */ = {isa = PBXBuildFile; fileRef = CE2753C12AB70FD600138164 /* RecipesViewController.swift */; };
		CE2753C62AB756D100138164 /* RecipeProfilePresenter.swift in Sources */ = {isa = PBXBuildFile; fileRef = CE2753C52AB756D100138164 /* RecipeProfilePresenter.swift */; };
		CE518EA22A0AE86300AAEFF3 /* SearchViewController.swift in Sources */ = {isa = PBXBuildFile; fileRef = CE518EA12A0AE86300AAEFF3 /* SearchViewController.swift */; };
		CE518EA72A0B922100AAEFF3 /* RecipeCell.swift in Sources */ = {isa = PBXBuildFile; fileRef = CE518EA62A0B922100AAEFF3 /* RecipeCell.swift */; };
		CE518EA92A0B939D00AAEFF3 /* RecipeProfile.swift in Sources */ = {isa = PBXBuildFile; fileRef = CE518EA82A0B939D00AAEFF3 /* RecipeProfile.swift */; };
		CE518EAB2A0B97CE00AAEFF3 /* Extension.swift in Sources */ = {isa = PBXBuildFile; fileRef = CE518EAA2A0B97CE00AAEFF3 /* Extension.swift */; };
		CE518EB32A0CF29000AAEFF3 /* RecipeSearchService.swift in Sources */ = {isa = PBXBuildFile; fileRef = CE518EB22A0CF29000AAEFF3 /* RecipeSearchService.swift */; };
		CE518EB62A0D0E5E00AAEFF3 /* APIRecipe.swift in Sources */ = {isa = PBXBuildFile; fileRef = CE518EB52A0D0E5E00AAEFF3 /* APIRecipe.swift */; };
		CE5D3D752A24BEAA00E7764E /* FavoriteRecipesManager.swift in Sources */ = {isa = PBXBuildFile; fileRef = CE5D3D742A24BEAA00E7764E /* FavoriteRecipesManager.swift */; };
		CE5D3D782A24D06800E7764E /* WebViewController.swift in Sources */ = {isa = PBXBuildFile; fileRef = CE5D3D772A24D06800E7764E /* WebViewController.swift */; };
		CE62307D2B17B203002A5AFD /* RecipesSectionEntity+CoreDataClass.swift in Sources */ = {isa = PBXBuildFile; fileRef = CE6230792B17B203002A5AFD /* RecipesSectionEntity+CoreDataClass.swift */; };
		CE62307E2B17B203002A5AFD /* RecipesSectionEntity+CoreDataProperties.swift in Sources */ = {isa = PBXBuildFile; fileRef = CE62307A2B17B203002A5AFD /* RecipesSectionEntity+CoreDataProperties.swift */; };
		CE62307F2B17B203002A5AFD /* RecipeProfileEntity+CoreDataClass.swift in Sources */ = {isa = PBXBuildFile; fileRef = CE62307B2B17B203002A5AFD /* RecipeProfileEntity+CoreDataClass.swift */; };
		CE6230802B17B203002A5AFD /* RecipeProfileEntity+CoreDataProperties.swift in Sources */ = {isa = PBXBuildFile; fileRef = CE62307C2B17B203002A5AFD /* RecipeProfileEntity+CoreDataProperties.swift */; };
		CE6230822B18C912002A5AFD /* FavoriteStatusManager.swift in Sources */ = {isa = PBXBuildFile; fileRef = CE6230812B18C912002A5AFD /* FavoriteStatusManager.swift */; };
		CE6EB6C02A2CA54100D958FF /* RecipeModel.xcdatamodeld in Sources */ = {isa = PBXBuildFile; fileRef = CE6EB6BE2A2CA54100D958FF /* RecipeModel.xcdatamodeld */; };
		CE78B00D2ABE0EE90075C603 /* ModelBuilder.swift in Sources */ = {isa = PBXBuildFile; fileRef = CE78B00C2ABE0EE90075C603 /* ModelBuilder.swift */; };
		CE78B0102ABE248F0075C603 /* FactoryElementsView.swift in Sources */ = {isa = PBXBuildFile; fileRef = CE78B00F2ABE248F0075C603 /* FactoryElementsView.swift */; };
		CE78B0172ACDE2FC0075C603 /* NetworkErrorHelper.swift in Sources */ = {isa = PBXBuildFile; fileRef = CE78B0162ACDE2FC0075C603 /* NetworkErrorHelper.swift */; };
		CE879C4A2A2BBE4500E366F4 /* FavoriteRecipeCell.swift in Sources */ = {isa = PBXBuildFile; fileRef = CE879C492A2BBE4500E366F4 /* FavoriteRecipeCell.swift */; };
		CE879C4C2A2BD60400E366F4 /* FavoriteViewHeader.swift in Sources */ = {isa = PBXBuildFile; fileRef = CE879C4B2A2BD60400E366F4 /* FavoriteViewHeader.swift */; };
		CEA4C0E72AD1985C00F144CA /* PublicProtocols.swift in Sources */ = {isa = PBXBuildFile; fileRef = CEA4C0E62AD1985C00F144CA /* PublicProtocols.swift */; };
		CEB6F7282A140D8600E219ED /* RecipeProfileViewController.swift in Sources */ = {isa = PBXBuildFile; fileRef = CEB6F7272A140D8600E219ED /* RecipeProfileViewController.swift */; };
		CEB6F72B2A14379900E219ED /* DetailRecipeView .swift in Sources */ = {isa = PBXBuildFile; fileRef = CEB6F72A2A14379900E219ED /* DetailRecipeView .swift */; };
		CEB6F72D2A152C9700E219ED /* IngredientsView.swift in Sources */ = {isa = PBXBuildFile; fileRef = CEB6F72C2A152C9700E219ED /* IngredientsView.swift */; };
		CEB6F72F2A15312000E219ED /* CategoriesView.swift in Sources */ = {isa = PBXBuildFile; fileRef = CEB6F72E2A15312000E219ED /* CategoriesView.swift */; };
		CEB6F7312A156FB800E219ED /* InformationDisplayView.swift in Sources */ = {isa = PBXBuildFile; fileRef = CEB6F7302A156FB800E219ED /* InformationDisplayView.swift */; };
		CEBC2C342A2F714500BCD9B8 /* SelectionСategoryManager.swift in Sources */ = {isa = PBXBuildFile; fileRef = CEBC2C332A2F714500BCD9B8 /* SelectionСategoryManager.swift */; };
		CEBC2C362A2F71EC00BCD9B8 /* SelectionFavoriteSectionController.swift in Sources */ = {isa = PBXBuildFile; fileRef = CEBC2C352A2F71EC00BCD9B8 /* SelectionFavoriteSectionController.swift */; };
		CEBC2C382A2F78BF00BCD9B8 /* SelectionMenuVC.swift in Sources */ = {isa = PBXBuildFile; fileRef = CEBC2C372A2F78BF00BCD9B8 /* SelectionMenuVC.swift */; };
		CEDABC9F2A2A30D600EC72B8 /* FavoriteRecipesViewController.swift in Sources */ = {isa = PBXBuildFile; fileRef = CEDABC9E2A2A30D600EC72B8 /* FavoriteRecipesViewController.swift */; };
		CEEAB8432A27B7BA0041ED26 /* ValuesView.swift in Sources */ = {isa = PBXBuildFile; fileRef = CEEAB8422A27B7BA0041ED26 /* ValuesView.swift */; };
/* End PBXBuildFile section */

/* Begin PBXFileReference section */
		CE06170F2AE5651E004F973F /* CoreDataError.swift */ = {isa = PBXFileReference; lastKnownFileType = sourcecode.swift; path = CoreDataError.swift; sourceTree = "<group>"; };
		CE0617112AE56829004F973F /* NetworkError.swift */ = {isa = PBXFileReference; lastKnownFileType = sourcecode.swift; path = NetworkError.swift; sourceTree = "<group>"; };
		CE0617172AEA83B2004F973F /* AlertUtility.swift */ = {isa = PBXFileReference; lastKnownFileType = sourcecode.swift; path = AlertUtility.swift; sourceTree = "<group>"; };
		CE07BDB52A1AB25C00A66347 /* CustomTabBarItem.swift */ = {isa = PBXFileReference; lastKnownFileType = sourcecode.swift; path = CustomTabBarItem.swift; sourceTree = "<group>"; };
		CE07BDB72A1AB4F800A66347 /* CustomTabBarController.swift */ = {isa = PBXFileReference; lastKnownFileType = sourcecode.swift; path = CustomTabBarController.swift; sourceTree = "<group>"; };
		CE0849282B1CDB7500CC15B4 /* RecipesViewHeader.swift */ = {isa = PBXFileReference; lastKnownFileType = sourcecode.swift; path = RecipesViewHeader.swift; sourceTree = "<group>"; };
		CE0C039D2AE2C54500B22112 /* FavoriteRecipesPresenter.swift */ = {isa = PBXFileReference; lastKnownFileType = sourcecode.swift; path = FavoriteRecipesPresenter.swift; sourceTree = "<group>"; };
		CE0C039F2AE2C6EE00B22112 /* FavoriteRecipesSection.swift */ = {isa = PBXFileReference; lastKnownFileType = sourcecode.swift; path = FavoriteRecipesSection.swift; sourceTree = "<group>"; };
		CE0D30832AD41B0A00221D79 /* SearchPresenter.swift */ = {isa = PBXFileReference; lastKnownFileType = sourcecode.swift; path = SearchPresenter.swift; sourceTree = "<group>"; };
		CE0D30852AD41C6200221D79 /* FilterPresenter.swift */ = {isa = PBXFileReference; lastKnownFileType = sourcecode.swift; path = FilterPresenter.swift; sourceTree = "<group>"; };
		CE0D30872AD41CB900221D79 /* RecipesPresenter.swift */ = {isa = PBXFileReference; lastKnownFileType = sourcecode.swift; path = RecipesPresenter.swift; sourceTree = "<group>"; };
		CE0D30922AD9994700221D79 /* ImageLoader.swift */ = {isa = PBXFileReference; lastKnownFileType = sourcecode.swift; path = ImageLoader.swift; sourceTree = "<group>"; };
		CE1026C329FC4976000B9CCA /* RecipeSearch.app */ = {isa = PBXFileReference; explicitFileType = wrapper.application; includeInIndex = 0; path = RecipeSearch.app; sourceTree = BUILT_PRODUCTS_DIR; };
		CE1026C629FC4976000B9CCA /* AppDelegate.swift */ = {isa = PBXFileReference; lastKnownFileType = sourcecode.swift; path = AppDelegate.swift; sourceTree = "<group>"; };
		CE1026C829FC4976000B9CCA /* SceneDelegate.swift */ = {isa = PBXFileReference; lastKnownFileType = sourcecode.swift; path = SceneDelegate.swift; sourceTree = "<group>"; };
		CE1026CF29FC4978000B9CCA /* Assets.xcassets */ = {isa = PBXFileReference; lastKnownFileType = folder.assetcatalog; path = Assets.xcassets; sourceTree = "<group>"; };
		CE1026D229FC4978000B9CCA /* Base */ = {isa = PBXFileReference; lastKnownFileType = file.storyboard; name = Base; path = Base.lproj/LaunchScreen.storyboard; sourceTree = "<group>"; };
		CE1026D429FC4978000B9CCA /* Info.plist */ = {isa = PBXFileReference; lastKnownFileType = text.plist.xml; path = Info.plist; sourceTree = "<group>"; };
		CE2753AA2AB4800300138164 /* Category.swift */ = {isa = PBXFileReference; lastKnownFileType = sourcecode.swift; path = Category.swift; sourceTree = "<group>"; };
		CE2753AC2AB48A8E00138164 /* CategoryManager.swift */ = {isa = PBXFileReference; lastKnownFileType = sourcecode.swift; path = CategoryManager.swift; sourceTree = "<group>"; };
		CE2753B72AB4A48000138164 /* FilterControllerView.swift */ = {isa = PBXFileReference; lastKnownFileType = sourcecode.swift; path = FilterControllerView.swift; sourceTree = "<group>"; };
		CE2753B92AB4A62E00138164 /* CategoryCollectionCell.swift */ = {isa = PBXFileReference; lastKnownFileType = sourcecode.swift; path = CategoryCollectionCell.swift; sourceTree = "<group>"; };
		CE2753BD2AB4AD2100138164 /* BackgroundView.swift */ = {isa = PBXFileReference; lastKnownFileType = sourcecode.swift; path = BackgroundView.swift; sourceTree = "<group>"; };
		CE2753BF2AB4AD4200138164 /* LineView.swift */ = {isa = PBXFileReference; lastKnownFileType = sourcecode.swift; path = LineView.swift; sourceTree = "<group>"; };
		CE2753C12AB70FD600138164 /* RecipesViewController.swift */ = {isa = PBXFileReference; lastKnownFileType = sourcecode.swift; path = RecipesViewController.swift; sourceTree = "<group>"; };
		CE2753C52AB756D100138164 /* RecipeProfilePresenter.swift */ = {isa = PBXFileReference; lastKnownFileType = sourcecode.swift; path = RecipeProfilePresenter.swift; sourceTree = "<group>"; };
		CE518EA02A0AE3D400AAEFF3 /* .gitignore.md */ = {isa = PBXFileReference; lastKnownFileType = net.daringfireball.markdown; path = .gitignore.md; sourceTree = "<group>"; };
		CE518EA12A0AE86300AAEFF3 /* SearchViewController.swift */ = {isa = PBXFileReference; lastKnownFileType = sourcecode.swift; path = SearchViewController.swift; sourceTree = "<group>"; };
		CE518EA62A0B922100AAEFF3 /* RecipeCell.swift */ = {isa = PBXFileReference; lastKnownFileType = sourcecode.swift; path = RecipeCell.swift; sourceTree = "<group>"; };
		CE518EA82A0B939D00AAEFF3 /* RecipeProfile.swift */ = {isa = PBXFileReference; lastKnownFileType = sourcecode.swift; path = RecipeProfile.swift; sourceTree = "<group>"; };
		CE518EAA2A0B97CE00AAEFF3 /* Extension.swift */ = {isa = PBXFileReference; lastKnownFileType = sourcecode.swift; path = Extension.swift; sourceTree = "<group>"; };
		CE518EB22A0CF29000AAEFF3 /* RecipeSearchService.swift */ = {isa = PBXFileReference; lastKnownFileType = sourcecode.swift; path = RecipeSearchService.swift; sourceTree = "<group>"; };
		CE518EB52A0D0E5E00AAEFF3 /* APIRecipe.swift */ = {isa = PBXFileReference; lastKnownFileType = sourcecode.swift; path = APIRecipe.swift; sourceTree = "<group>"; };
		CE5D3D742A24BEAA00E7764E /* FavoriteRecipesManager.swift */ = {isa = PBXFileReference; lastKnownFileType = sourcecode.swift; path = FavoriteRecipesManager.swift; sourceTree = "<group>"; };
		CE5D3D772A24D06800E7764E /* WebViewController.swift */ = {isa = PBXFileReference; lastKnownFileType = sourcecode.swift; path = WebViewController.swift; sourceTree = "<group>"; };
		CE6230792B17B203002A5AFD /* RecipesSectionEntity+CoreDataClass.swift */ = {isa = PBXFileReference; lastKnownFileType = sourcecode.swift; path = "RecipesSectionEntity+CoreDataClass.swift"; sourceTree = "<group>"; };
		CE62307A2B17B203002A5AFD /* RecipesSectionEntity+CoreDataProperties.swift */ = {isa = PBXFileReference; lastKnownFileType = sourcecode.swift; path = "RecipesSectionEntity+CoreDataProperties.swift"; sourceTree = "<group>"; };
		CE62307B2B17B203002A5AFD /* RecipeProfileEntity+CoreDataClass.swift */ = {isa = PBXFileReference; lastKnownFileType = sourcecode.swift; path = "RecipeProfileEntity+CoreDataClass.swift"; sourceTree = "<group>"; };
		CE62307C2B17B203002A5AFD /* RecipeProfileEntity+CoreDataProperties.swift */ = {isa = PBXFileReference; lastKnownFileType = sourcecode.swift; path = "RecipeProfileEntity+CoreDataProperties.swift"; sourceTree = "<group>"; };
		CE6230812B18C912002A5AFD /* FavoriteStatusManager.swift */ = {isa = PBXFileReference; lastKnownFileType = sourcecode.swift; path = FavoriteStatusManager.swift; sourceTree = "<group>"; };
		CE6EB6BF2A2CA54100D958FF /* RecipeModel.xcdatamodel */ = {isa = PBXFileReference; lastKnownFileType = wrapper.xcdatamodel; path = RecipeModel.xcdatamodel; sourceTree = "<group>"; };
		CE78B00C2ABE0EE90075C603 /* ModelBuilder.swift */ = {isa = PBXFileReference; lastKnownFileType = sourcecode.swift; path = ModelBuilder.swift; sourceTree = "<group>"; };
		CE78B00F2ABE248F0075C603 /* FactoryElementsView.swift */ = {isa = PBXFileReference; lastKnownFileType = sourcecode.swift; path = FactoryElementsView.swift; sourceTree = "<group>"; };
		CE78B0162ACDE2FC0075C603 /* NetworkErrorHelper.swift */ = {isa = PBXFileReference; lastKnownFileType = sourcecode.swift; path = NetworkErrorHelper.swift; sourceTree = "<group>"; };
		CE879C492A2BBE4500E366F4 /* FavoriteRecipeCell.swift */ = {isa = PBXFileReference; lastKnownFileType = sourcecode.swift; path = FavoriteRecipeCell.swift; sourceTree = "<group>"; };
		CE879C4B2A2BD60400E366F4 /* FavoriteViewHeader.swift */ = {isa = PBXFileReference; lastKnownFileType = sourcecode.swift; path = FavoriteViewHeader.swift; sourceTree = "<group>"; };
		CEA4C0E62AD1985C00F144CA /* PublicProtocols.swift */ = {isa = PBXFileReference; lastKnownFileType = sourcecode.swift; path = PublicProtocols.swift; sourceTree = "<group>"; };
		CEB6F7272A140D8600E219ED /* RecipeProfileViewController.swift */ = {isa = PBXFileReference; lastKnownFileType = sourcecode.swift; path = RecipeProfileViewController.swift; sourceTree = "<group>"; };
		CEB6F72A2A14379900E219ED /* DetailRecipeView .swift */ = {isa = PBXFileReference; lastKnownFileType = sourcecode.swift; path = "DetailRecipeView .swift"; sourceTree = "<group>"; };
		CEB6F72C2A152C9700E219ED /* IngredientsView.swift */ = {isa = PBXFileReference; lastKnownFileType = sourcecode.swift; path = IngredientsView.swift; sourceTree = "<group>"; };
		CEB6F72E2A15312000E219ED /* CategoriesView.swift */ = {isa = PBXFileReference; lastKnownFileType = sourcecode.swift; path = CategoriesView.swift; sourceTree = "<group>"; };
		CEB6F7302A156FB800E219ED /* InformationDisplayView.swift */ = {isa = PBXFileReference; lastKnownFileType = sourcecode.swift; path = InformationDisplayView.swift; sourceTree = "<group>"; };
		CEBC2C332A2F714500BCD9B8 /* SelectionСategoryManager.swift */ = {isa = PBXFileReference; lastKnownFileType = sourcecode.swift; path = "SelectionСategoryManager.swift"; sourceTree = "<group>"; };
		CEBC2C352A2F71EC00BCD9B8 /* SelectionFavoriteSectionController.swift */ = {isa = PBXFileReference; lastKnownFileType = sourcecode.swift; path = SelectionFavoriteSectionController.swift; sourceTree = "<group>"; };
		CEBC2C372A2F78BF00BCD9B8 /* SelectionMenuVC.swift */ = {isa = PBXFileReference; lastKnownFileType = sourcecode.swift; path = SelectionMenuVC.swift; sourceTree = "<group>"; };
		CEDABC9E2A2A30D600EC72B8 /* FavoriteRecipesViewController.swift */ = {isa = PBXFileReference; lastKnownFileType = sourcecode.swift; path = FavoriteRecipesViewController.swift; sourceTree = "<group>"; };
		CEEAB8422A27B7BA0041ED26 /* ValuesView.swift */ = {isa = PBXFileReference; lastKnownFileType = sourcecode.swift; path = ValuesView.swift; sourceTree = "<group>"; };
/* End PBXFileReference section */

/* Begin PBXFrameworksBuildPhase section */
		CE1026C029FC4976000B9CCA /* Frameworks */ = {
			isa = PBXFrameworksBuildPhase;
			buildActionMask = 2147483647;
			files = (
			);
			runOnlyForDeploymentPostprocessing = 0;
		};
/* End PBXFrameworksBuildPhase section */

/* Begin PBXGroup section */
		CE0617132AE5684A004F973F /* Service */ = {
			isa = PBXGroup;
			children = (
				CE518EB22A0CF29000AAEFF3 /* RecipeSearchService.swift */,
			);
			path = Service;
			sourceTree = "<group>";
		};
		CE0617162AEA8394004F973F /* Utility */ = {
			isa = PBXGroup;
			children = (
				CE0617172AEA83B2004F973F /* AlertUtility.swift */,
			);
			path = Utility;
			sourceTree = "<group>";
		};
		CE07BD872A1A233400A66347 /* TabBar */ = {
			isa = PBXGroup;
			children = (
				CE07BDB52A1AB25C00A66347 /* CustomTabBarItem.swift */,
				CE07BDB72A1AB4F800A66347 /* CustomTabBarController.swift */,
			);
			path = TabBar;
			sourceTree = "<group>";
		};
		CE0C039C2AE2C51E00B22112 /* FavoriteRecipesScreenPresenter */ = {
			isa = PBXGroup;
			children = (
				CE0C039D2AE2C54500B22112 /* FavoriteRecipesPresenter.swift */,
			);
			path = FavoriteRecipesScreenPresenter;
			sourceTree = "<group>";
		};
		CE0D30822AD41ABE00221D79 /* SearchScreenPresenters */ = {
			isa = PBXGroup;
			children = (
				CE0D30832AD41B0A00221D79 /* SearchPresenter.swift */,
				CE0D30852AD41C6200221D79 /* FilterPresenter.swift */,
				CE0D30872AD41CB900221D79 /* RecipesPresenter.swift */,
			);
			path = SearchScreenPresenters;
			sourceTree = "<group>";
		};
		CE0D30892AD41F7C00221D79 /* RecipeProfilePresenter */ = {
			isa = PBXGroup;
			children = (
				CE2753C52AB756D100138164 /* RecipeProfilePresenter.swift */,
			);
			path = RecipeProfilePresenter;
			sourceTree = "<group>";
		};
		CE1026BA29FC4976000B9CCA = {
			isa = PBXGroup;
			children = (
				CE518EA02A0AE3D400AAEFF3 /* .gitignore.md */,
				CE1026C529FC4976000B9CCA /* RecipeSearch */,
				CE1026C429FC4976000B9CCA /* Products */,
			);
			sourceTree = "<group>";
		};
		CE1026C429FC4976000B9CCA /* Products */ = {
			isa = PBXGroup;
			children = (
				CE1026C329FC4976000B9CCA /* RecipeSearch.app */,
			);
			name = Products;
			sourceTree = "<group>";
		};
		CE1026C529FC4976000B9CCA /* RecipeSearch */ = {
			isa = PBXGroup;
			children = (
				CE0617162AEA8394004F973F /* Utility */,
				CE78B0152ACDE2D20075C603 /* Helpers */,
				CE78B00E2ABE247D0075C603 /* Factory */,
				CE78B00B2ABE0EB50075C603 /* Builder */,
				CE2753B42AB4944500138164 /* Presenter */,
				CE07BD872A1A233400A66347 /* TabBar */,
				CE518EB02A0CF23400AAEFF3 /* Model */,
				CE518EAF2A0CF21B00AAEFF3 /* Flows */,
				CE1026C829FC4976000B9CCA /* SceneDelegate.swift */,
				CE1026C629FC4976000B9CCA /* AppDelegate.swift */,
				CE518EAA2A0B97CE00AAEFF3 /* Extension.swift */,
				CE1026CF29FC4978000B9CCA /* Assets.xcassets */,
				CE1026D129FC4978000B9CCA /* LaunchScreen.storyboard */,
				CE1026D429FC4978000B9CCA /* Info.plist */,
				CE6EB6BE2A2CA54100D958FF /* RecipeModel.xcdatamodeld */,
			);
			path = RecipeSearch;
			sourceTree = "<group>";
		};
		CE2753AE2AB4939C00138164 /* FilterCategory */ = {
			isa = PBXGroup;
			children = (
				CE2753B12AB493DA00138164 /* View */,
				CE2753B02AB493B700138164 /* Data */,
				CE2753AF2AB493A800138164 /* Manager */,
				CE2753B72AB4A48000138164 /* FilterControllerView.swift */,
			);
			path = FilterCategory;
			sourceTree = "<group>";
		};
		CE2753AF2AB493A800138164 /* Manager */ = {
			isa = PBXGroup;
			children = (
				CE2753AC2AB48A8E00138164 /* CategoryManager.swift */,
			);
			path = Manager;
			sourceTree = "<group>";
		};
		CE2753B02AB493B700138164 /* Data */ = {
			isa = PBXGroup;
			children = (
				CE2753AA2AB4800300138164 /* Category.swift */,
			);
			path = Data;
			sourceTree = "<group>";
		};
		CE2753B12AB493DA00138164 /* View */ = {
			isa = PBXGroup;
			children = (
				CE2753BB2AB4AD0C00138164 /* Cell */,
				CE2753BD2AB4AD2100138164 /* BackgroundView.swift */,
				CE2753BF2AB4AD4200138164 /* LineView.swift */,
			);
			path = View;
			sourceTree = "<group>";
		};
		CE2753B42AB4944500138164 /* Presenter */ = {
			isa = PBXGroup;
			children = (
				CEA4C0E62AD1985C00F144CA /* PublicProtocols.swift */,
				CE0C039C2AE2C51E00B22112 /* FavoriteRecipesScreenPresenter */,
				CE0D30822AD41ABE00221D79 /* SearchScreenPresenters */,
				CE0D30892AD41F7C00221D79 /* RecipeProfilePresenter */,
			);
			path = Presenter;
			sourceTree = "<group>";
		};
		CE2753BB2AB4AD0C00138164 /* Cell */ = {
			isa = PBXGroup;
			children = (
				CE2753B92AB4A62E00138164 /* CategoryCollectionCell.swift */,
			);
			path = Cell;
			sourceTree = "<group>";
		};
		CE518EAF2A0CF21B00AAEFF3 /* Flows */ = {
			isa = PBXGroup;
			children = (
				CEB6F7252A140D3400E219ED /* SearchScreen */,
				CEB6F7262A140D5900E219ED /* RecipeScreen */,
				CE6C40492A226FCE00271806 /* FavoriteScreen */,
				CEBC2C392A2FB89800BCD9B8 /* SelectionCategoryScreen */,
				CE5D3D762A24D05100E7764E /* WebScreen */,
			);
			path = Flows;
			sourceTree = "<group>";
		};
		CE518EB02A0CF23400AAEFF3 /* Model */ = {
			isa = PBXGroup;
			children = (
				CE6230782B17AF54002A5AFD /* CoreData */,
				CE518EB42A0D0E1400AAEFF3 /* Entities */,
				CE518EB12A0CF23F00AAEFF3 /* Networking */,
				CE6230812B18C912002A5AFD /* FavoriteStatusManager.swift */,
			);
			path = Model;
			sourceTree = "<group>";
		};
		CE518EB12A0CF23F00AAEFF3 /* Networking */ = {
			isa = PBXGroup;
			children = (
				CE0617132AE5684A004F973F /* Service */,
				CE0617112AE56829004F973F /* NetworkError.swift */,
			);
			path = Networking;
			sourceTree = "<group>";
		};
		CE518EB42A0D0E1400AAEFF3 /* Entities */ = {
			isa = PBXGroup;
			children = (
				CE518EA82A0B939D00AAEFF3 /* RecipeProfile.swift */,
				CE518EB52A0D0E5E00AAEFF3 /* APIRecipe.swift */,
				CE0C039F2AE2C6EE00B22112 /* FavoriteRecipesSection.swift */,
			);
			path = Entities;
			sourceTree = "<group>";
		};
		CE5D3D762A24D05100E7764E /* WebScreen */ = {
			isa = PBXGroup;
			children = (
				CE5D3D772A24D06800E7764E /* WebViewController.swift */,
			);
			path = WebScreen;
			sourceTree = "<group>";
		};
		CE6230782B17AF54002A5AFD /* CoreData */ = {
			isa = PBXGroup;
			children = (
				CE6230792B17B203002A5AFD /* RecipesSectionEntity+CoreDataClass.swift */,
				CE62307A2B17B203002A5AFD /* RecipesSectionEntity+CoreDataProperties.swift */,
				CE62307B2B17B203002A5AFD /* RecipeProfileEntity+CoreDataClass.swift */,
				CE62307C2B17B203002A5AFD /* RecipeProfileEntity+CoreDataProperties.swift */,
				CE6EB6A92A2C9A1200D958FF /* Manager */,
			);
			path = CoreData;
			sourceTree = "<group>";
		};
		CE6C40492A226FCE00271806 /* FavoriteScreen */ = {
			isa = PBXGroup;
			children = (
				CE879C482A2BBE2800E366F4 /* View */,
				CEDABC9E2A2A30D600EC72B8 /* FavoriteRecipesViewController.swift */,
			);
			path = FavoriteScreen;
			sourceTree = "<group>";
		};
		CE6C40512A237C1100271806 /* DetailHeader */ = {
			isa = PBXGroup;
			children = (
				CEEAB8402A27B7920041ED26 /* InformationView */,
				CEB6F72A2A14379900E219ED /* DetailRecipeView .swift */,
			);
			path = DetailHeader;
			sourceTree = "<group>";
		};
		CE6C40522A2383B000271806 /* View */ = {
			isa = PBXGroup;
			children = (
				CE518EA62A0B922100AAEFF3 /* RecipeCell.swift */,
				CE0849282B1CDB7500CC15B4 /* RecipesViewHeader.swift */,
			);
			path = View;
			sourceTree = "<group>";
		};
		CE6EB6A92A2C9A1200D958FF /* Manager */ = {
			isa = PBXGroup;
			children = (
				CE5D3D742A24BEAA00E7764E /* FavoriteRecipesManager.swift */,
				CE06170F2AE5651E004F973F /* CoreDataError.swift */,
			);
			path = Manager;
			sourceTree = "<group>";
		};
		CE78B00B2ABE0EB50075C603 /* Builder */ = {
			isa = PBXGroup;
			children = (
				CE78B00C2ABE0EE90075C603 /* ModelBuilder.swift */,
			);
			path = Builder;
			sourceTree = "<group>";
		};
		CE78B00E2ABE247D0075C603 /* Factory */ = {
			isa = PBXGroup;
			children = (
				CE78B00F2ABE248F0075C603 /* FactoryElementsView.swift */,
			);
			path = Factory;
			sourceTree = "<group>";
		};
		CE78B0152ACDE2D20075C603 /* Helpers */ = {
			isa = PBXGroup;
			children = (
				CE78B0162ACDE2FC0075C603 /* NetworkErrorHelper.swift */,
				CE0D30922AD9994700221D79 /* ImageLoader.swift */,
			);
			path = Helpers;
			sourceTree = "<group>";
		};
		CE879C482A2BBE2800E366F4 /* View */ = {
			isa = PBXGroup;
			children = (
				CE879C492A2BBE4500E366F4 /* FavoriteRecipeCell.swift */,
				CE879C4B2A2BD60400E366F4 /* FavoriteViewHeader.swift */,
			);
			path = View;
			sourceTree = "<group>";
		};
		CEB6F7252A140D3400E219ED /* SearchScreen */ = {
			isa = PBXGroup;
			children = (
				CE2753AE2AB4939C00138164 /* FilterCategory */,
				CE6C40522A2383B000271806 /* View */,
				CE518EA12A0AE86300AAEFF3 /* SearchViewController.swift */,
				CE2753C12AB70FD600138164 /* RecipesViewController.swift */,
			);
			path = SearchScreen;
			sourceTree = "<group>";
		};
		CEB6F7262A140D5900E219ED /* RecipeScreen */ = {
			isa = PBXGroup;
			children = (
				CEB6F7292A14376B00E219ED /* View */,
				CEB6F7272A140D8600E219ED /* RecipeProfileViewController.swift */,
			);
			path = RecipeScreen;
			sourceTree = "<group>";
		};
		CEB6F7292A14376B00E219ED /* View */ = {
			isa = PBXGroup;
			children = (
				CEB6F72E2A15312000E219ED /* CategoriesView.swift */,
				CEB6F72C2A152C9700E219ED /* IngredientsView.swift */,
				CE6C40512A237C1100271806 /* DetailHeader */,
			);
			path = View;
			sourceTree = "<group>";
		};
		CEBC2C322A2F708500BCD9B8 /* Presentation */ = {
			isa = PBXGroup;
			children = (
				CEBC2C332A2F714500BCD9B8 /* SelectionСategoryManager.swift */,
				CEBC2C352A2F71EC00BCD9B8 /* SelectionFavoriteSectionController.swift */,
			);
			path = Presentation;
			sourceTree = "<group>";
		};
		CEBC2C392A2FB89800BCD9B8 /* SelectionCategoryScreen */ = {
			isa = PBXGroup;
			children = (
				CEBC2C372A2F78BF00BCD9B8 /* SelectionMenuVC.swift */,
				CEBC2C322A2F708500BCD9B8 /* Presentation */,
			);
			path = SelectionCategoryScreen;
			sourceTree = "<group>";
		};
		CEEAB8402A27B7920041ED26 /* InformationView */ = {
			isa = PBXGroup;
			children = (
				CEB6F7302A156FB800E219ED /* InformationDisplayView.swift */,
				CEEAB8412A27B79C0041ED26 /* ValuesView */,
			);
			path = InformationView;
			sourceTree = "<group>";
		};
		CEEAB8412A27B79C0041ED26 /* ValuesView */ = {
			isa = PBXGroup;
			children = (
				CEEAB8422A27B7BA0041ED26 /* ValuesView.swift */,
			);
			path = ValuesView;
			sourceTree = "<group>";
		};
/* End PBXGroup section */

/* Begin PBXNativeTarget section */
		CE1026C229FC4976000B9CCA /* RecipeSearch */ = {
			isa = PBXNativeTarget;
			buildConfigurationList = CE1026D729FC4979000B9CCA /* Build configuration list for PBXNativeTarget "RecipeSearch" */;
			buildPhases = (
				CE1026BF29FC4976000B9CCA /* Sources */,
				CE1026C029FC4976000B9CCA /* Frameworks */,
				CE1026C129FC4976000B9CCA /* Resources */,
			);
			buildRules = (
			);
			dependencies = (
			);
			name = RecipeSearch;
			productName = RecipeSearch;
			productReference = CE1026C329FC4976000B9CCA /* RecipeSearch.app */;
			productType = "com.apple.product-type.application";
		};
/* End PBXNativeTarget section */

/* Begin PBXProject section */
		CE1026BB29FC4976000B9CCA /* Project object */ = {
			isa = PBXProject;
			attributes = {
				BuildIndependentTargetsInParallel = 1;
				LastSwiftUpdateCheck = 1430;
				LastUpgradeCheck = 1430;
				TargetAttributes = {
					CE1026C229FC4976000B9CCA = {
						CreatedOnToolsVersion = 14.3;
					};
				};
			};
			buildConfigurationList = CE1026BE29FC4976000B9CCA /* Build configuration list for PBXProject "RecipeSearch" */;
			compatibilityVersion = "Xcode 14.0";
			developmentRegion = en;
			hasScannedForEncodings = 0;
			knownRegions = (
				en,
				Base,
			);
			mainGroup = CE1026BA29FC4976000B9CCA;
			productRefGroup = CE1026C429FC4976000B9CCA /* Products */;
			projectDirPath = "";
			projectRoot = "";
			targets = (
				CE1026C229FC4976000B9CCA /* RecipeSearch */,
			);
		};
/* End PBXProject section */

/* Begin PBXResourcesBuildPhase section */
		CE1026C129FC4976000B9CCA /* Resources */ = {
			isa = PBXResourcesBuildPhase;
			buildActionMask = 2147483647;
			files = (
				CE1026D329FC4978000B9CCA /* LaunchScreen.storyboard in Resources */,
				CE1026D029FC4978000B9CCA /* Assets.xcassets in Resources */,
			);
			runOnlyForDeploymentPostprocessing = 0;
		};
/* End PBXResourcesBuildPhase section */

/* Begin PBXSourcesBuildPhase section */
		CE1026BF29FC4976000B9CCA /* Sources */ = {
			isa = PBXSourcesBuildPhase;
			buildActionMask = 2147483647;
			files = (
				CEBC2C362A2F71EC00BCD9B8 /* SelectionFavoriteSectionController.swift in Sources */,
				CE518EA72A0B922100AAEFF3 /* RecipeCell.swift in Sources */,
				CE2753AB2AB4800300138164 /* Category.swift in Sources */,
				CE5D3D782A24D06800E7764E /* WebViewController.swift in Sources */,
				CEB6F7282A140D8600E219ED /* RecipeProfileViewController.swift in Sources */,
				CE5D3D752A24BEAA00E7764E /* FavoriteRecipesManager.swift in Sources */,
				CE2753C02AB4AD4200138164 /* LineView.swift in Sources */,
				CEB6F72D2A152C9700E219ED /* IngredientsView.swift in Sources */,
				CE1026C729FC4976000B9CCA /* AppDelegate.swift in Sources */,
				CE0617102AE5651E004F973F /* CoreDataError.swift in Sources */,
				CE2753C62AB756D100138164 /* RecipeProfilePresenter.swift in Sources */,
				CE518EB32A0CF29000AAEFF3 /* RecipeSearchService.swift in Sources */,
				CEB6F72B2A14379900E219ED /* DetailRecipeView .swift in Sources */,
				CE0849292B1CDB7500CC15B4 /* RecipesViewHeader.swift in Sources */,
				CEDABC9F2A2A30D600EC72B8 /* FavoriteRecipesViewController.swift in Sources */,
				CE07BDB62A1AB25C00A66347 /* CustomTabBarItem.swift in Sources */,
				CE518EA22A0AE86300AAEFF3 /* SearchViewController.swift in Sources */,
				CE78B0172ACDE2FC0075C603 /* NetworkErrorHelper.swift in Sources */,
				CE0617182AEA83B2004F973F /* AlertUtility.swift in Sources */,
				CE518EB62A0D0E5E00AAEFF3 /* APIRecipe.swift in Sources */,
				CE518EAB2A0B97CE00AAEFF3 /* Extension.swift in Sources */,
				CE2753BE2AB4AD2100138164 /* BackgroundView.swift in Sources */,
				CE0617122AE56829004F973F /* NetworkError.swift in Sources */,
				CE0D30842AD41B0A00221D79 /* SearchPresenter.swift in Sources */,
				CEA4C0E72AD1985C00F144CA /* PublicProtocols.swift in Sources */,
				CE62307F2B17B203002A5AFD /* RecipeProfileEntity+CoreDataClass.swift in Sources */,
				CEB6F72F2A15312000E219ED /* CategoriesView.swift in Sources */,
				CE62307D2B17B203002A5AFD /* RecipesSectionEntity+CoreDataClass.swift in Sources */,
				CE07BDB82A1AB4F800A66347 /* CustomTabBarController.swift in Sources */,
				CE0C039E2AE2C54500B22112 /* FavoriteRecipesPresenter.swift in Sources */,
				CE6230822B18C912002A5AFD /* FavoriteStatusManager.swift in Sources */,
				CEBC2C342A2F714500BCD9B8 /* SelectionСategoryManager.swift in Sources */,
				CEEAB8432A27B7BA0041ED26 /* ValuesView.swift in Sources */,
				CE62307E2B17B203002A5AFD /* RecipesSectionEntity+CoreDataProperties.swift in Sources */,
				CE879C4C2A2BD60400E366F4 /* FavoriteViewHeader.swift in Sources */,
				CE6EB6C02A2CA54100D958FF /* RecipeModel.xcdatamodeld in Sources */,
				CE78B00D2ABE0EE90075C603 /* ModelBuilder.swift in Sources */,
				CE0D30862AD41C6200221D79 /* FilterPresenter.swift in Sources */,
				CE0D30882AD41CB900221D79 /* RecipesPresenter.swift in Sources */,
				CE78B0102ABE248F0075C603 /* FactoryElementsView.swift in Sources */,
				CEBC2C382A2F78BF00BCD9B8 /* SelectionMenuVC.swift in Sources */,
				CE2753C22AB70FD600138164 /* RecipesViewController.swift in Sources */,
				CE0D30932AD9994700221D79 /* ImageLoader.swift in Sources */,
				CEB6F7312A156FB800E219ED /* InformationDisplayView.swift in Sources */,
				CE2753B82AB4A48000138164 /* FilterControllerView.swift in Sources */,
				CE2753BA2AB4A62E00138164 /* CategoryCollectionCell.swift in Sources */,
				CE1026C929FC4976000B9CCA /* SceneDelegate.swift in Sources */,
				CE518EA92A0B939D00AAEFF3 /* RecipeProfile.swift in Sources */,
				CE879C4A2A2BBE4500E366F4 /* FavoriteRecipeCell.swift in Sources */,
				CE6230802B17B203002A5AFD /* RecipeProfileEntity+CoreDataProperties.swift in Sources */,
				CE2753AD2AB48A8E00138164 /* CategoryManager.swift in Sources */,
				CE0C03A02AE2C6EE00B22112 /* FavoriteRecipesSection.swift in Sources */,
			);
			runOnlyForDeploymentPostprocessing = 0;
		};
/* End PBXSourcesBuildPhase section */

/* Begin PBXVariantGroup section */
		CE1026D129FC4978000B9CCA /* LaunchScreen.storyboard */ = {
			isa = PBXVariantGroup;
			children = (
				CE1026D229FC4978000B9CCA /* Base */,
			);
			name = LaunchScreen.storyboard;
			sourceTree = "<group>";
		};
/* End PBXVariantGroup section */

/* Begin XCBuildConfiguration section */
		CE1026D529FC4978000B9CCA /* Debug */ = {
			isa = XCBuildConfiguration;
			buildSettings = {
				ALWAYS_SEARCH_USER_PATHS = NO;
				CLANG_ANALYZER_NONNULL = YES;
				CLANG_ANALYZER_NUMBER_OBJECT_CONVERSION = YES_AGGRESSIVE;
				CLANG_CXX_LANGUAGE_STANDARD = "gnu++20";
				CLANG_ENABLE_MODULES = YES;
				CLANG_ENABLE_OBJC_ARC = YES;
				CLANG_ENABLE_OBJC_WEAK = YES;
				CLANG_WARN_BLOCK_CAPTURE_AUTORELEASING = YES;
				CLANG_WARN_BOOL_CONVERSION = YES;
				CLANG_WARN_COMMA = YES;
				CLANG_WARN_CONSTANT_CONVERSION = YES;
				CLANG_WARN_DEPRECATED_OBJC_IMPLEMENTATIONS = YES;
				CLANG_WARN_DIRECT_OBJC_ISA_USAGE = YES_ERROR;
				CLANG_WARN_DOCUMENTATION_COMMENTS = YES;
				CLANG_WARN_EMPTY_BODY = YES;
				CLANG_WARN_ENUM_CONVERSION = YES;
				CLANG_WARN_INFINITE_RECURSION = YES;
				CLANG_WARN_INT_CONVERSION = YES;
				CLANG_WARN_NON_LITERAL_NULL_CONVERSION = YES;
				CLANG_WARN_OBJC_IMPLICIT_RETAIN_SELF = YES;
				CLANG_WARN_OBJC_LITERAL_CONVERSION = YES;
				CLANG_WARN_OBJC_ROOT_CLASS = YES_ERROR;
				CLANG_WARN_QUOTED_INCLUDE_IN_FRAMEWORK_HEADER = YES;
				CLANG_WARN_RANGE_LOOP_ANALYSIS = YES;
				CLANG_WARN_STRICT_PROTOTYPES = YES;
				CLANG_WARN_SUSPICIOUS_MOVE = YES;
				CLANG_WARN_UNGUARDED_AVAILABILITY = YES_AGGRESSIVE;
				CLANG_WARN_UNREACHABLE_CODE = YES;
				CLANG_WARN__DUPLICATE_METHOD_MATCH = YES;
				COPY_PHASE_STRIP = NO;
				DEBUG_INFORMATION_FORMAT = dwarf;
				ENABLE_STRICT_OBJC_MSGSEND = YES;
				ENABLE_TESTABILITY = YES;
				GCC_C_LANGUAGE_STANDARD = gnu11;
				GCC_DYNAMIC_NO_PIC = NO;
				GCC_NO_COMMON_BLOCKS = YES;
				GCC_OPTIMIZATION_LEVEL = 0;
				GCC_PREPROCESSOR_DEFINITIONS = (
					"DEBUG=1",
					"$(inherited)",
				);
				GCC_WARN_64_TO_32_BIT_CONVERSION = YES;
				GCC_WARN_ABOUT_RETURN_TYPE = YES_ERROR;
				GCC_WARN_UNDECLARED_SELECTOR = YES;
				GCC_WARN_UNINITIALIZED_AUTOS = YES_AGGRESSIVE;
				GCC_WARN_UNUSED_FUNCTION = YES;
				GCC_WARN_UNUSED_VARIABLE = YES;
				IPHONEOS_DEPLOYMENT_TARGET = 16.4;
				MTL_ENABLE_DEBUG_INFO = INCLUDE_SOURCE;
				MTL_FAST_MATH = YES;
				ONLY_ACTIVE_ARCH = YES;
				SDKROOT = iphoneos;
				SWIFT_ACTIVE_COMPILATION_CONDITIONS = DEBUG;
				SWIFT_OPTIMIZATION_LEVEL = "-Onone";
			};
			name = Debug;
		};
		CE1026D629FC4978000B9CCA /* Release */ = {
			isa = XCBuildConfiguration;
			buildSettings = {
				ALWAYS_SEARCH_USER_PATHS = NO;
				CLANG_ANALYZER_NONNULL = YES;
				CLANG_ANALYZER_NUMBER_OBJECT_CONVERSION = YES_AGGRESSIVE;
				CLANG_CXX_LANGUAGE_STANDARD = "gnu++20";
				CLANG_ENABLE_MODULES = YES;
				CLANG_ENABLE_OBJC_ARC = YES;
				CLANG_ENABLE_OBJC_WEAK = YES;
				CLANG_WARN_BLOCK_CAPTURE_AUTORELEASING = YES;
				CLANG_WARN_BOOL_CONVERSION = YES;
				CLANG_WARN_COMMA = YES;
				CLANG_WARN_CONSTANT_CONVERSION = YES;
				CLANG_WARN_DEPRECATED_OBJC_IMPLEMENTATIONS = YES;
				CLANG_WARN_DIRECT_OBJC_ISA_USAGE = YES_ERROR;
				CLANG_WARN_DOCUMENTATION_COMMENTS = YES;
				CLANG_WARN_EMPTY_BODY = YES;
				CLANG_WARN_ENUM_CONVERSION = YES;
				CLANG_WARN_INFINITE_RECURSION = YES;
				CLANG_WARN_INT_CONVERSION = YES;
				CLANG_WARN_NON_LITERAL_NULL_CONVERSION = YES;
				CLANG_WARN_OBJC_IMPLICIT_RETAIN_SELF = YES;
				CLANG_WARN_OBJC_LITERAL_CONVERSION = YES;
				CLANG_WARN_OBJC_ROOT_CLASS = YES_ERROR;
				CLANG_WARN_QUOTED_INCLUDE_IN_FRAMEWORK_HEADER = YES;
				CLANG_WARN_RANGE_LOOP_ANALYSIS = YES;
				CLANG_WARN_STRICT_PROTOTYPES = YES;
				CLANG_WARN_SUSPICIOUS_MOVE = YES;
				CLANG_WARN_UNGUARDED_AVAILABILITY = YES_AGGRESSIVE;
				CLANG_WARN_UNREACHABLE_CODE = YES;
				CLANG_WARN__DUPLICATE_METHOD_MATCH = YES;
				COPY_PHASE_STRIP = NO;
				DEBUG_INFORMATION_FORMAT = "dwarf-with-dsym";
				ENABLE_NS_ASSERTIONS = NO;
				ENABLE_STRICT_OBJC_MSGSEND = YES;
				GCC_C_LANGUAGE_STANDARD = gnu11;
				GCC_NO_COMMON_BLOCKS = YES;
				GCC_WARN_64_TO_32_BIT_CONVERSION = YES;
				GCC_WARN_ABOUT_RETURN_TYPE = YES_ERROR;
				GCC_WARN_UNDECLARED_SELECTOR = YES;
				GCC_WARN_UNINITIALIZED_AUTOS = YES_AGGRESSIVE;
				GCC_WARN_UNUSED_FUNCTION = YES;
				GCC_WARN_UNUSED_VARIABLE = YES;
				IPHONEOS_DEPLOYMENT_TARGET = 16.4;
				MTL_ENABLE_DEBUG_INFO = NO;
				MTL_FAST_MATH = YES;
				SDKROOT = iphoneos;
				SWIFT_COMPILATION_MODE = wholemodule;
				SWIFT_OPTIMIZATION_LEVEL = "-O";
				VALIDATE_PRODUCT = YES;
			};
			name = Release;
		};
		CE1026D829FC4979000B9CCA /* Debug */ = {
			isa = XCBuildConfiguration;
			buildSettings = {
				ASSETCATALOG_COMPILER_APPICON_NAME = AppIcon;
				ASSETCATALOG_COMPILER_GLOBAL_ACCENT_COLOR_NAME = AccentColor;
				CODE_SIGN_STYLE = Automatic;
				CURRENT_PROJECT_VERSION = 1;
				GENERATE_INFOPLIST_FILE = YES;
				INFOPLIST_FILE = RecipeSearch/Info.plist;
				INFOPLIST_KEY_UIApplicationSupportsIndirectInputEvents = YES;
				INFOPLIST_KEY_UILaunchScreen_Generation = YES;
				INFOPLIST_KEY_UILaunchStoryboardName = LaunchScreen;
				INFOPLIST_KEY_UIStatusBarStyle = "";
				INFOPLIST_KEY_UISupportedInterfaceOrientations_iPad = "UIInterfaceOrientationPortrait UIInterfaceOrientationPortraitUpsideDown UIInterfaceOrientationLandscapeLeft UIInterfaceOrientationLandscapeRight";
				INFOPLIST_KEY_UISupportedInterfaceOrientations_iPhone = "UIInterfaceOrientationPortrait UIInterfaceOrientationLandscapeLeft UIInterfaceOrientationLandscapeRight";
				LD_RUNPATH_SEARCH_PATHS = (
					"$(inherited)",
					"@executable_path/Frameworks",
				);
				MARKETING_VERSION = 1.0;
				PRODUCT_BUNDLE_IDENTIFIER = "Podolskiy-I.M.RecipeSearch";
				PRODUCT_NAME = "$(TARGET_NAME)";
				SWIFT_EMIT_LOC_STRINGS = YES;
				SWIFT_VERSION = 5.0;
				TARGETED_DEVICE_FAMILY = "1,2";
			};
			name = Debug;
		};
		CE1026D929FC4979000B9CCA /* Release */ = {
			isa = XCBuildConfiguration;
			buildSettings = {
				ASSETCATALOG_COMPILER_APPICON_NAME = AppIcon;
				ASSETCATALOG_COMPILER_GLOBAL_ACCENT_COLOR_NAME = AccentColor;
				CODE_SIGN_STYLE = Automatic;
				CURRENT_PROJECT_VERSION = 1;
				GENERATE_INFOPLIST_FILE = YES;
				INFOPLIST_FILE = RecipeSearch/Info.plist;
				INFOPLIST_KEY_UIApplicationSupportsIndirectInputEvents = YES;
				INFOPLIST_KEY_UILaunchScreen_Generation = YES;
				INFOPLIST_KEY_UILaunchStoryboardName = LaunchScreen;
				INFOPLIST_KEY_UIStatusBarStyle = "";
				INFOPLIST_KEY_UISupportedInterfaceOrientations_iPad = "UIInterfaceOrientationPortrait UIInterfaceOrientationPortraitUpsideDown UIInterfaceOrientationLandscapeLeft UIInterfaceOrientationLandscapeRight";
				INFOPLIST_KEY_UISupportedInterfaceOrientations_iPhone = "UIInterfaceOrientationPortrait UIInterfaceOrientationLandscapeLeft UIInterfaceOrientationLandscapeRight";
				LD_RUNPATH_SEARCH_PATHS = (
					"$(inherited)",
					"@executable_path/Frameworks",
				);
				MARKETING_VERSION = 1.0;
				PRODUCT_BUNDLE_IDENTIFIER = "Podolskiy-I.M.RecipeSearch";
				PRODUCT_NAME = "$(TARGET_NAME)";
				SWIFT_EMIT_LOC_STRINGS = YES;
				SWIFT_VERSION = 5.0;
				TARGETED_DEVICE_FAMILY = "1,2";
			};
			name = Release;
		};
/* End XCBuildConfiguration section */

/* Begin XCConfigurationList section */
		CE1026BE29FC4976000B9CCA /* Build configuration list for PBXProject "RecipeSearch" */ = {
			isa = XCConfigurationList;
			buildConfigurations = (
				CE1026D529FC4978000B9CCA /* Debug */,
				CE1026D629FC4978000B9CCA /* Release */,
			);
			defaultConfigurationIsVisible = 0;
			defaultConfigurationName = Release;
		};
		CE1026D729FC4979000B9CCA /* Build configuration list for PBXNativeTarget "RecipeSearch" */ = {
			isa = XCConfigurationList;
			buildConfigurations = (
				CE1026D829FC4979000B9CCA /* Debug */,
				CE1026D929FC4979000B9CCA /* Release */,
			);
			defaultConfigurationIsVisible = 0;
			defaultConfigurationName = Release;
		};
/* End XCConfigurationList section */

/* Begin XCVersionGroup section */
		CE6EB6BE2A2CA54100D958FF /* RecipeModel.xcdatamodeld */ = {
			isa = XCVersionGroup;
			children = (
				CE6EB6BF2A2CA54100D958FF /* RecipeModel.xcdatamodel */,
			);
			currentVersion = CE6EB6BF2A2CA54100D958FF /* RecipeModel.xcdatamodel */;
			path = RecipeModel.xcdatamodeld;
			sourceTree = "<group>";
			versionGroupType = wrapper.xcdatamodel;
		};
/* End XCVersionGroup section */
	};
	rootObject = CE1026BB29FC4976000B9CCA /* Project object */;
}
