// !$*UTF8*$!
{
	archiveVersion = 1;
	classes = {
	};
	objectVersion = 56;
	objects = {

/* Begin PBXBuildFile section */
		CE1026C729FC4976000B9CCA /* AppDelegate.swift in Sources */ = {isa = PBXBuildFile; fileRef = CE1026C629FC4976000B9CCA /* AppDelegate.swift */; };
		CE1026C929FC4976000B9CCA /* SceneDelegate.swift in Sources */ = {isa = PBXBuildFile; fileRef = CE1026C829FC4976000B9CCA /* SceneDelegate.swift */; };
		CE1026D029FC4978000B9CCA /* Assets.xcassets in Resources */ = {isa = PBXBuildFile; fileRef = CE1026CF29FC4978000B9CCA /* Assets.xcassets */; };
		CE1026D329FC4978000B9CCA /* LaunchScreen.storyboard in Resources */ = {isa = PBXBuildFile; fileRef = CE1026D129FC4978000B9CCA /* LaunchScreen.storyboard */; };
		CE518EA22A0AE86300AAEFF3 /* SearchViewController.swift in Sources */ = {isa = PBXBuildFile; fileRef = CE518EA12A0AE86300AAEFF3 /* SearchViewController.swift */; };
		CE518EA72A0B922100AAEFF3 /* RecipeCell.swift in Sources */ = {isa = PBXBuildFile; fileRef = CE518EA62A0B922100AAEFF3 /* RecipeCell.swift */; };
		CE518EA92A0B939D00AAEFF3 /* RecipeProfile.swift in Sources */ = {isa = PBXBuildFile; fileRef = CE518EA82A0B939D00AAEFF3 /* RecipeProfile.swift */; };
		CE518EAB2A0B97CE00AAEFF3 /* Extension.swift in Sources */ = {isa = PBXBuildFile; fileRef = CE518EAA2A0B97CE00AAEFF3 /* Extension.swift */; };
		CE518EB32A0CF29000AAEFF3 /* RecipeSearchService.swift in Sources */ = {isa = PBXBuildFile; fileRef = CE518EB22A0CF29000AAEFF3 /* RecipeSearchService.swift */; };
		CE518EB62A0D0E5E00AAEFF3 /* APIRecipe.swift in Sources */ = {isa = PBXBuildFile; fileRef = CE518EB52A0D0E5E00AAEFF3 /* APIRecipe.swift */; };
/* End PBXBuildFile section */

/* Begin PBXFileReference section */
		CE1026C329FC4976000B9CCA /* RecipeSearch.app */ = {isa = PBXFileReference; explicitFileType = wrapper.application; includeInIndex = 0; path = RecipeSearch.app; sourceTree = BUILT_PRODUCTS_DIR; };
		CE1026C629FC4976000B9CCA /* AppDelegate.swift */ = {isa = PBXFileReference; lastKnownFileType = sourcecode.swift; path = AppDelegate.swift; sourceTree = "<group>"; };
		CE1026C829FC4976000B9CCA /* SceneDelegate.swift */ = {isa = PBXFileReference; lastKnownFileType = sourcecode.swift; path = SceneDelegate.swift; sourceTree = "<group>"; };
		CE1026CF29FC4978000B9CCA /* Assets.xcassets */ = {isa = PBXFileReference; lastKnownFileType = folder.assetcatalog; path = Assets.xcassets; sourceTree = "<group>"; };
		CE1026D229FC4978000B9CCA /* Base */ = {isa = PBXFileReference; lastKnownFileType = file.storyboard; name = Base; path = Base.lproj/LaunchScreen.storyboard; sourceTree = "<group>"; };
		CE1026D429FC4978000B9CCA /* Info.plist */ = {isa = PBXFileReference; lastKnownFileType = text.plist.xml; path = Info.plist; sourceTree = "<group>"; };
		CE518EA02A0AE3D400AAEFF3 /* .gitignore.md */ = {isa = PBXFileReference; lastKnownFileType = net.daringfireball.markdown; path = .gitignore.md; sourceTree = "<group>"; };
		CE518EA12A0AE86300AAEFF3 /* SearchViewController.swift */ = {isa = PBXFileReference; lastKnownFileType = sourcecode.swift; path = SearchViewController.swift; sourceTree = "<group>"; };
		CE518EA62A0B922100AAEFF3 /* RecipeCell.swift */ = {isa = PBXFileReference; lastKnownFileType = sourcecode.swift; path = RecipeCell.swift; sourceTree = "<group>"; };
		CE518EA82A0B939D00AAEFF3 /* RecipeProfile.swift */ = {isa = PBXFileReference; lastKnownFileType = sourcecode.swift; path = RecipeProfile.swift; sourceTree = "<group>"; };
		CE518EAA2A0B97CE00AAEFF3 /* Extension.swift */ = {isa = PBXFileReference; lastKnownFileType = sourcecode.swift; path = Extension.swift; sourceTree = "<group>"; };
		CE518EB22A0CF29000AAEFF3 /* RecipeSearchService.swift */ = {isa = PBXFileReference; lastKnownFileType = sourcecode.swift; path = RecipeSearchService.swift; sourceTree = "<group>"; };
		CE518EB52A0D0E5E00AAEFF3 /* APIRecipe.swift */ = {isa = PBXFileReference; lastKnownFileType = sourcecode.swift; path = APIRecipe.swift; sourceTree = "<group>"; };
/* End PBXFileReference section */

/* Begin PBXFrameworksBuildPhase section */
		CE1026C029FC4976000B9CCA /* Frameworks */ = {
			isa = PBXFrameworksBuildPhase;
			buildActionMask = 2147483647;
			files = (
			);
			runOnlyForDeploymentPostprocessing = 0;
		};
/* End PBXFrameworksBuildPhase section */

/* Begin PBXGroup section */
		CE1026BA29FC4976000B9CCA = {
			isa = PBXGroup;
			children = (
				CE518EA02A0AE3D400AAEFF3 /* .gitignore.md */,
				CE1026C529FC4976000B9CCA /* RecipeSearch */,
				CE1026C429FC4976000B9CCA /* Products */,
			);
			sourceTree = "<group>";
		};
		CE1026C429FC4976000B9CCA /* Products */ = {
			isa = PBXGroup;
			children = (
				CE1026C329FC4976000B9CCA /* RecipeSearch.app */,
			);
			name = Products;
			sourceTree = "<group>";
		};
		CE1026C529FC4976000B9CCA /* RecipeSearch */ = {
			isa = PBXGroup;
			children = (
				CE518EB02A0CF23400AAEFF3 /* Model */,
				CE518EAF2A0CF21B00AAEFF3 /* Flows */,
				CE1026C829FC4976000B9CCA /* SceneDelegate.swift */,
				CE1026C629FC4976000B9CCA /* AppDelegate.swift */,
				CE518EAA2A0B97CE00AAEFF3 /* Extension.swift */,
				CE1026CF29FC4978000B9CCA /* Assets.xcassets */,
				CE1026D129FC4978000B9CCA /* LaunchScreen.storyboard */,
				CE1026D429FC4978000B9CCA /* Info.plist */,
			);
			path = RecipeSearch;
			sourceTree = "<group>";
		};
		CE518EAF2A0CF21B00AAEFF3 /* Flows */ = {
			isa = PBXGroup;
			children = (
				CE518EA12A0AE86300AAEFF3 /* SearchViewController.swift */,
				CE518EA62A0B922100AAEFF3 /* RecipeCell.swift */,
			);
			path = Flows;
			sourceTree = "<group>";
		};
		CE518EB02A0CF23400AAEFF3 /* Model */ = {
			isa = PBXGroup;
			children = (
				CE518EB42A0D0E1400AAEFF3 /* Entities */,
				CE518EB12A0CF23F00AAEFF3 /* Service */,
				CE518EA82A0B939D00AAEFF3 /* RecipeProfile.swift */,
			);
			path = Model;
			sourceTree = "<group>";
		};
		CE518EB12A0CF23F00AAEFF3 /* Service */ = {
			isa = PBXGroup;
			children = (
				CE518EB22A0CF29000AAEFF3 /* RecipeSearchService.swift */,
			);
			path = Service;
			sourceTree = "<group>";
		};
		CE518EB42A0D0E1400AAEFF3 /* Entities */ = {
			isa = PBXGroup;
			children = (
				CE518EB52A0D0E5E00AAEFF3 /* APIRecipe.swift */,
			);
			path = Entities;
			sourceTree = "<group>";
		};
/* End PBXGroup section */

/* Begin PBXNativeTarget section */
		CE1026C229FC4976000B9CCA /* RecipeSearch */ = {
			isa = PBXNativeTarget;
			buildConfigurationList = CE1026D729FC4979000B9CCA /* Build configuration list for PBXNativeTarget "RecipeSearch" */;
			buildPhases = (
				CE1026BF29FC4976000B9CCA /* Sources */,
				CE1026C029FC4976000B9CCA /* Frameworks */,
				CE1026C129FC4976000B9CCA /* Resources */,
			);
			buildRules = (
			);
			dependencies = (
			);
			name = RecipeSearch;
			productName = RecipeSearch;
			productReference = CE1026C329FC4976000B9CCA /* RecipeSearch.app */;
			productType = "com.apple.product-type.application";
		};
/* End PBXNativeTarget section */

/* Begin PBXProject section */
		CE1026BB29FC4976000B9CCA /* Project object */ = {
			isa = PBXProject;
			attributes = {
				BuildIndependentTargetsInParallel = 1;
				LastSwiftUpdateCheck = 1430;
				LastUpgradeCheck = 1430;
				TargetAttributes = {
					CE1026C229FC4976000B9CCA = {
						CreatedOnToolsVersion = 14.3;
					};
				};
			};
			buildConfigurationList = CE1026BE29FC4976000B9CCA /* Build configuration list for PBXProject "RecipeSearch" */;
			compatibilityVersion = "Xcode 14.0";
			developmentRegion = en;
			hasScannedForEncodings = 0;
			knownRegions = (
				en,
				Base,
			);
			mainGroup = CE1026BA29FC4976000B9CCA;
			productRefGroup = CE1026C429FC4976000B9CCA /* Products */;
			projectDirPath = "";
			projectRoot = "";
			targets = (
				CE1026C229FC4976000B9CCA /* RecipeSearch */,
			);
		};
/* End PBXProject section */

/* Begin PBXResourcesBuildPhase section */
		CE1026C129FC4976000B9CCA /* Resources */ = {
			isa = PBXResourcesBuildPhase;
			buildActionMask = 2147483647;
			files = (
				CE1026D329FC4978000B9CCA /* LaunchScreen.storyboard in Resources */,
				CE1026D029FC4978000B9CCA /* Assets.xcassets in Resources */,
			);
			runOnlyForDeploymentPostprocessing = 0;
		};
/* End PBXResourcesBuildPhase section */

/* Begin PBXSourcesBuildPhase section */
		CE1026BF29FC4976000B9CCA /* Sources */ = {
			isa = PBXSourcesBuildPhase;
			buildActionMask = 2147483647;
			files = (
				CE518EA72A0B922100AAEFF3 /* RecipeCell.swift in Sources */,
				CE1026C729FC4976000B9CCA /* AppDelegate.swift in Sources */,
				CE518EB32A0CF29000AAEFF3 /* RecipeSearchService.swift in Sources */,
				CE518EA22A0AE86300AAEFF3 /* SearchViewController.swift in Sources */,
				CE518EB62A0D0E5E00AAEFF3 /* APIRecipe.swift in Sources */,
				CE518EAB2A0B97CE00AAEFF3 /* Extension.swift in Sources */,
				CE1026C929FC4976000B9CCA /* SceneDelegate.swift in Sources */,
				CE518EA92A0B939D00AAEFF3 /* RecipeProfile.swift in Sources */,
			);
			runOnlyForDeploymentPostprocessing = 0;
		};
/* End PBXSourcesBuildPhase section */

/* Begin PBXVariantGroup section */
		CE1026D129FC4978000B9CCA /* LaunchScreen.storyboard */ = {
			isa = PBXVariantGroup;
			children = (
				CE1026D229FC4978000B9CCA /* Base */,
			);
			name = LaunchScreen.storyboard;
			sourceTree = "<group>";
		};
/* End PBXVariantGroup section */

/* Begin XCBuildConfiguration section */
		CE1026D529FC4978000B9CCA /* Debug */ = {
			isa = XCBuildConfiguration;
			buildSettings = {
				ALWAYS_SEARCH_USER_PATHS = NO;
				CLANG_ANALYZER_NONNULL = YES;
				CLANG_ANALYZER_NUMBER_OBJECT_CONVERSION = YES_AGGRESSIVE;
				CLANG_CXX_LANGUAGE_STANDARD = "gnu++20";
				CLANG_ENABLE_MODULES = YES;
				CLANG_ENABLE_OBJC_ARC = YES;
				CLANG_ENABLE_OBJC_WEAK = YES;
				CLANG_WARN_BLOCK_CAPTURE_AUTORELEASING = YES;
				CLANG_WARN_BOOL_CONVERSION = YES;
				CLANG_WARN_COMMA = YES;
				CLANG_WARN_CONSTANT_CONVERSION = YES;
				CLANG_WARN_DEPRECATED_OBJC_IMPLEMENTATIONS = YES;
				CLANG_WARN_DIRECT_OBJC_ISA_USAGE = YES_ERROR;
				CLANG_WARN_DOCUMENTATION_COMMENTS = YES;
				CLANG_WARN_EMPTY_BODY = YES;
				CLANG_WARN_ENUM_CONVERSION = YES;
				CLANG_WARN_INFINITE_RECURSION = YES;
				CLANG_WARN_INT_CONVERSION = YES;
				CLANG_WARN_NON_LITERAL_NULL_CONVERSION = YES;
				CLANG_WARN_OBJC_IMPLICIT_RETAIN_SELF = YES;
				CLANG_WARN_OBJC_LITERAL_CONVERSION = YES;
				CLANG_WARN_OBJC_ROOT_CLASS = YES_ERROR;
				CLANG_WARN_QUOTED_INCLUDE_IN_FRAMEWORK_HEADER = YES;
				CLANG_WARN_RANGE_LOOP_ANALYSIS = YES;
				CLANG_WARN_STRICT_PROTOTYPES = YES;
				CLANG_WARN_SUSPICIOUS_MOVE = YES;
				CLANG_WARN_UNGUARDED_AVAILABILITY = YES_AGGRESSIVE;
				CLANG_WARN_UNREACHABLE_CODE = YES;
				CLANG_WARN__DUPLICATE_METHOD_MATCH = YES;
				COPY_PHASE_STRIP = NO;
				DEBUG_INFORMATION_FORMAT = dwarf;
				ENABLE_STRICT_OBJC_MSGSEND = YES;
				ENABLE_TESTABILITY = YES;
				GCC_C_LANGUAGE_STANDARD = gnu11;
				GCC_DYNAMIC_NO_PIC = NO;
				GCC_NO_COMMON_BLOCKS = YES;
				GCC_OPTIMIZATION_LEVEL = 0;
				GCC_PREPROCESSOR_DEFINITIONS = (
					"DEBUG=1",
					"$(inherited)",
				);
				GCC_WARN_64_TO_32_BIT_CONVERSION = YES;
				GCC_WARN_ABOUT_RETURN_TYPE = YES_ERROR;
				GCC_WARN_UNDECLARED_SELECTOR = YES;
				GCC_WARN_UNINITIALIZED_AUTOS = YES_AGGRESSIVE;
				GCC_WARN_UNUSED_FUNCTION = YES;
				GCC_WARN_UNUSED_VARIABLE = YES;
				IPHONEOS_DEPLOYMENT_TARGET = 16.4;
				MTL_ENABLE_DEBUG_INFO = INCLUDE_SOURCE;
				MTL_FAST_MATH = YES;
				ONLY_ACTIVE_ARCH = YES;
				SDKROOT = iphoneos;
				SWIFT_ACTIVE_COMPILATION_CONDITIONS = DEBUG;
				SWIFT_OPTIMIZATION_LEVEL = "-Onone";
			};
			name = Debug;
		};
		CE1026D629FC4978000B9CCA /* Release */ = {
			isa = XCBuildConfiguration;
			buildSettings = {
				ALWAYS_SEARCH_USER_PATHS = NO;
				CLANG_ANALYZER_NONNULL = YES;
				CLANG_ANALYZER_NUMBER_OBJECT_CONVERSION = YES_AGGRESSIVE;
				CLANG_CXX_LANGUAGE_STANDARD = "gnu++20";
				CLANG_ENABLE_MODULES = YES;
				CLANG_ENABLE_OBJC_ARC = YES;
				CLANG_ENABLE_OBJC_WEAK = YES;
				CLANG_WARN_BLOCK_CAPTURE_AUTORELEASING = YES;
				CLANG_WARN_BOOL_CONVERSION = YES;
				CLANG_WARN_COMMA = YES;
				CLANG_WARN_CONSTANT_CONVERSION = YES;
				CLANG_WARN_DEPRECATED_OBJC_IMPLEMENTATIONS = YES;
				CLANG_WARN_DIRECT_OBJC_ISA_USAGE = YES_ERROR;
				CLANG_WARN_DOCUMENTATION_COMMENTS = YES;
				CLANG_WARN_EMPTY_BODY = YES;
				CLANG_WARN_ENUM_CONVERSION = YES;
				CLANG_WARN_INFINITE_RECURSION = YES;
				CLANG_WARN_INT_CONVERSION = YES;
				CLANG_WARN_NON_LITERAL_NULL_CONVERSION = YES;
				CLANG_WARN_OBJC_IMPLICIT_RETAIN_SELF = YES;
				CLANG_WARN_OBJC_LITERAL_CONVERSION = YES;
				CLANG_WARN_OBJC_ROOT_CLASS = YES_ERROR;
				CLANG_WARN_QUOTED_INCLUDE_IN_FRAMEWORK_HEADER = YES;
				CLANG_WARN_RANGE_LOOP_ANALYSIS = YES;
				CLANG_WARN_STRICT_PROTOTYPES = YES;
				CLANG_WARN_SUSPICIOUS_MOVE = YES;
				CLANG_WARN_UNGUARDED_AVAILABILITY = YES_AGGRESSIVE;
				CLANG_WARN_UNREACHABLE_CODE = YES;
				CLANG_WARN__DUPLICATE_METHOD_MATCH = YES;
				COPY_PHASE_STRIP = NO;
				DEBUG_INFORMATION_FORMAT = "dwarf-with-dsym";
				ENABLE_NS_ASSERTIONS = NO;
				ENABLE_STRICT_OBJC_MSGSEND = YES;
				GCC_C_LANGUAGE_STANDARD = gnu11;
				GCC_NO_COMMON_BLOCKS = YES;
				GCC_WARN_64_TO_32_BIT_CONVERSION = YES;
				GCC_WARN_ABOUT_RETURN_TYPE = YES_ERROR;
				GCC_WARN_UNDECLARED_SELECTOR = YES;
				GCC_WARN_UNINITIALIZED_AUTOS = YES_AGGRESSIVE;
				GCC_WARN_UNUSED_FUNCTION = YES;
				GCC_WARN_UNUSED_VARIABLE = YES;
				IPHONEOS_DEPLOYMENT_TARGET = 16.4;
				MTL_ENABLE_DEBUG_INFO = NO;
				MTL_FAST_MATH = YES;
				SDKROOT = iphoneos;
				SWIFT_COMPILATION_MODE = wholemodule;
				SWIFT_OPTIMIZATION_LEVEL = "-O";
				VALIDATE_PRODUCT = YES;
			};
			name = Release;
		};
		CE1026D829FC4979000B9CCA /* Debug */ = {
			isa = XCBuildConfiguration;
			buildSettings = {
				ASSETCATALOG_COMPILER_APPICON_NAME = AppIcon;
				ASSETCATALOG_COMPILER_GLOBAL_ACCENT_COLOR_NAME = AccentColor;
				CODE_SIGN_STYLE = Automatic;
				CURRENT_PROJECT_VERSION = 1;
				GENERATE_INFOPLIST_FILE = YES;
				INFOPLIST_FILE = RecipeSearch/Info.plist;
				INFOPLIST_KEY_UIApplicationSupportsIndirectInputEvents = YES;
				INFOPLIST_KEY_UILaunchStoryboardName = "";
				INFOPLIST_KEY_UIStatusBarStyle = "";
				INFOPLIST_KEY_UISupportedInterfaceOrientations_iPad = "UIInterfaceOrientationPortrait UIInterfaceOrientationPortraitUpsideDown UIInterfaceOrientationLandscapeLeft UIInterfaceOrientationLandscapeRight";
				INFOPLIST_KEY_UISupportedInterfaceOrientations_iPhone = "UIInterfaceOrientationPortrait UIInterfaceOrientationLandscapeLeft UIInterfaceOrientationLandscapeRight";
				LD_RUNPATH_SEARCH_PATHS = (
					"$(inherited)",
					"@executable_path/Frameworks",
				);
				MARKETING_VERSION = 1.0;
				PRODUCT_BUNDLE_IDENTIFIER = "Podolskiy-I.M.RecipeSearch";
				PRODUCT_NAME = "$(TARGET_NAME)";
				SWIFT_EMIT_LOC_STRINGS = YES;
				SWIFT_VERSION = 5.0;
				TARGETED_DEVICE_FAMILY = "1,2";
			};
			name = Debug;
		};
		CE1026D929FC4979000B9CCA /* Release */ = {
			isa = XCBuildConfiguration;
			buildSettings = {
				ASSETCATALOG_COMPILER_APPICON_NAME = AppIcon;
				ASSETCATALOG_COMPILER_GLOBAL_ACCENT_COLOR_NAME = AccentColor;
				CODE_SIGN_STYLE = Automatic;
				CURRENT_PROJECT_VERSION = 1;
				GENERATE_INFOPLIST_FILE = YES;
				INFOPLIST_FILE = RecipeSearch/Info.plist;
				INFOPLIST_KEY_UIApplicationSupportsIndirectInputEvents = YES;
				INFOPLIST_KEY_UILaunchStoryboardName = "";
				INFOPLIST_KEY_UIStatusBarStyle = "";
				INFOPLIST_KEY_UISupportedInterfaceOrientations_iPad = "UIInterfaceOrientationPortrait UIInterfaceOrientationPortraitUpsideDown UIInterfaceOrientationLandscapeLeft UIInterfaceOrientationLandscapeRight";
				INFOPLIST_KEY_UISupportedInterfaceOrientations_iPhone = "UIInterfaceOrientationPortrait UIInterfaceOrientationLandscapeLeft UIInterfaceOrientationLandscapeRight";
				LD_RUNPATH_SEARCH_PATHS = (
					"$(inherited)",
					"@executable_path/Frameworks",
				);
				MARKETING_VERSION = 1.0;
				PRODUCT_BUNDLE_IDENTIFIER = "Podolskiy-I.M.RecipeSearch";
				PRODUCT_NAME = "$(TARGET_NAME)";
				SWIFT_EMIT_LOC_STRINGS = YES;
				SWIFT_VERSION = 5.0;
				TARGETED_DEVICE_FAMILY = "1,2";
			};
			name = Release;
		};
/* End XCBuildConfiguration section */

/* Begin XCConfigurationList section */
		CE1026BE29FC4976000B9CCA /* Build configuration list for PBXProject "RecipeSearch" */ = {
			isa = XCConfigurationList;
			buildConfigurations = (
				CE1026D529FC4978000B9CCA /* Debug */,
				CE1026D629FC4978000B9CCA /* Release */,
			);
			defaultConfigurationIsVisible = 0;
			defaultConfigurationName = Release;
		};
		CE1026D729FC4979000B9CCA /* Build configuration list for PBXNativeTarget "RecipeSearch" */ = {
			isa = XCConfigurationList;
			buildConfigurations = (
				CE1026D829FC4979000B9CCA /* Debug */,
				CE1026D929FC4979000B9CCA /* Release */,
			);
			defaultConfigurationIsVisible = 0;
			defaultConfigurationName = Release;
		};
/* End XCConfigurationList section */
	};
	rootObject = CE1026BB29FC4976000B9CCA /* Project object */;
}
